{
  "nodes": {
    "aporetic-font": {
      "inputs": {
        "nixpkgs": [
          "nixpkgs"
        ]
      },
      "locked": {
        "lastModified": 1760462493,
        "narHash": "sha256-wvzjwnLeaabfhjZCfGpqolalBslcI5oFAdwuQG9VbBI=",
        "owner": "Echinoidea",
        "repo": "Aporetic-Nerd-Font",
        "rev": "88ae58addaa9240cf329b389afb21338748ec749",
        "type": "github"
      },
      "original": {
        "owner": "Echinoidea",
        "repo": "Aporetic-Nerd-Font",
        "type": "github"
      }
    },
    "home-manager": {
      "inputs": {
        "nixpkgs": "nixpkgs"
      },
      "locked": {
        "lastModified": 1761878381,
        "narHash": "sha256-lCRaipHgszaFZ1Cs8fdGJguVycCisBAf2HEFgip5+xU=",
        "owner": "nix-community",
        "repo": "home-manager",
        "rev": "4ac96eb21c101a3e5b77ba105febc5641a8959aa",
        "type": "github"
      },
      "original": {
        "owner": "nix-community",
        "repo": "home-manager",
        "type": "github"
      }
    },
    "nixpkgs": {
      "locked": {
        "lastModified": 1761373498,
        "narHash": "sha256-Q/uhWNvd7V7k1H1ZPMy/vkx3F8C13ZcdrKjO7Jv7v0c=",
        "owner": "NixOS",
        "repo": "nixpkgs",
        "rev": "6a08e6bb4e46ff7fcbb53d409b253f6bad8a28ce",
        "type": "github"
      },
      "original": {
        "owner": "NixOS",
        "ref": "nixos-unstable",
        "repo": "nixpkgs",
        "type": "github"
      }
    },
    "nixpkgs-swhkd": {
      "locked": {
        "lastModified": 1762539944,
        "narHash": "sha256-g457fMSIXjyk92T4EI7i2xKqNF5g6PlyteKq4q/0L8E=",
        "owner": "Echinoidea",
        "repo": "nixpkgs",
        "rev": "404c91792ee1d3556f0df371ac3cebadb2ba7af2",
        "type": "github"
      },
      "original": {
        "owner": "Echinoidea",
        "ref": "swhkd",
        "repo": "nixpkgs",
        "type": "github"
      }
    },
    "nixpkgs_2": {
      "locked": {
        "lastModified": 1761672384,
        "narHash": "sha256-o9KF3DJL7g7iYMZq9SWgfS1BFlNbsm6xplRjVlOCkXI=",
        "owner": "nixos",
        "repo": "nixpkgs",
        "rev": "08dacfca559e1d7da38f3cf05f1f45ee9bfd213c",
        "type": "github"
      },
      "original": {
        "owner": "nixos",
        "ref": "nixos-unstable",
        "repo": "nixpkgs",
        "type": "github"
      }
    },
    "root": {
      "inputs": {
        "aporetic-font": "aporetic-font",
        "home-manager": "home-manager",
        "nixpkgs": "nixpkgs_2",
        "nixpkgs-swhkd": "nixpkgs-swhkd"
      }
    }
  },
  "root": "root",
  "version": 7
}
